
Microsoft Visual Studio Solution File, Format Version 12.00
# Visual Studio 2012
Project("{FAE04EC0-301F-11D3-BF4B-00C04F79EFBC}") = "BDCM_Test1", "BDCM_Test1\BDCM_Test1.csproj", "{9FB7FA11-3200-44C5-A62F-0BA0872EECF3}"
EndProject
Global
	GlobalSection(SolutionConfigurationPlatforms) = preSolution
		Debug|Any CPU = Debug|Any CPU
		Release|Any CPU = Release|Any CPU
	EndGlobalSection
	GlobalSection(ProjectConfigurationPlatforms) = postSolution
		{9FB7FA11-3200-44C5-A62F-0BA0872EECF3}.Debug|Any CPU.ActiveCfg = Debug|Any CPU
		{9FB7FA11-3200-44C5-A62F-0BA0872EECF3}.Debug|Any CPU.Build.0 = Debug|Any CPU
		{9FB7FA11-3200-44C5-A62F-0BA0872EECF3}.Debug|Any CPU.Deploy.0 = Debug|Any CPU
		{9FB7FA11-3200-44C5-A62F-0BA0872EECF3}.Release|Any CPU.ActiveCfg = Release|Any CPU
		{9FB7FA11-3200-44C5-A62F-0BA0872EECF3}.Release|Any CPU.Build.0 = Release|Any CPU
		{9FB7FA11-3200-44C5-A62F-0BA0872EECF3}.Release|Any CPU.Deploy.0 = Release|Any CPU
	EndGlobalSection
	GlobalSection(SolutionProperties) = preSolution
		HideSolutionNode = FALSE
	EndGlobalSection
EndGlobal
